Microsoft Visual Studio Solution File, Format Version 12.00
# Visual Studio Version 17
VisualStudioVersion = 17.13.35825.156
MinimumVisualStudioVersion = 10.0.40219.1
Project("{FAE04EC0-301F-11D3-BF4B-00C04F79EFBC}") = "Ejemplo_Login", "Ejemplo_Login\Ejemplo_Login.csproj", "{06083967-FBF6-471A-89F2-3F43B0C0E932}"
EndProject
Project("{FAE04EC0-301F-11D3-BF4B-00C04F79EFBC}") = "BIZ", "BIZ\BIZ.csproj", "{F08217B2-4585-4AB7-B951-44A1C7203E03}"
EndProject
Global
	GlobalSection(SolutionConfigurationPlatforms) = preSolution
		Debug|Any CPU = Debug|Any CPU
		Release|Any CPU = Release|Any CPU
	EndGlobalSection
	GlobalSection(ProjectConfigurationPlatforms) = postSolution
		{06083967-FBF6-471A-89F2-3F43B0C0E932}.Debug|Any CPU.ActiveCfg = Debug|Any CPU
		{06083967-FBF6-471A-89F2-3F43B0C0E932}.Debug|Any CPU.Build.0 = Debug|Any CPU
		{06083967-FBF6-471A-89F2-3F43B0C0E932}.Release|Any CPU.ActiveCfg = Release|Any CPU
		{06083967-FBF6-471A-89F2-3F43B0C0E932}.Release|Any CPU.Build.0 = Release|Any CPU
		{F08217B2-4585-4AB7-B951-44A1C7203E03}.Debug|Any CPU.ActiveCfg = Debug|Any CPU
		{F08217B2-4585-4AB7-B951-44A1C7203E03}.Debug|Any CPU.Build.0 = Debug|Any CPU
		{F08217B2-4585-4AB7-B951-44A1C7203E03}.Release|Any CPU.ActiveCfg = Release|Any CPU
		{F08217B2-4585-4AB7-B951-44A1C7203E03}.Release|Any CPU.Build.0 = Release|Any CPU
	EndGlobalSection
	GlobalSection(SolutionProperties) = preSolution
		HideSolutionNode = FALSE
	EndGlobalSection
	GlobalSection(ExtensibilityGlobals) = postSolution
		SolutionGuid = {84429163-DC94-4BDA-BFD4-F7BA6EE11EC9}
	EndGlobalSection
EndGlobal
